// !$*UTF8*$!
{
	archiveVersion = 1;
	classes = {
	};
	objectVersion = 46;
	objects = {

/* Begin PBXBuildFile section */
		332E39AF1AF62AEE00361ADF /* GameManager.swift in Sources */ = {isa = PBXBuildFile; fileRef = 332E39AE1AF62AEE00361ADF /* GameManager.swift */; };
		33AFE8271AF6A98E00911D6E /* grape.m4a in Resources */ = {isa = PBXBuildFile; fileRef = 33AFE8241AF6A98E00911D6E /* grape.m4a */; };
		33AFE8281AF6A98E00911D6E /* melon.m4a in Resources */ = {isa = PBXBuildFile; fileRef = 33AFE8251AF6A98E00911D6E /* melon.m4a */; };
		33AFE8291AF6A98E00911D6E /* ringo.m4a in Resources */ = {isa = PBXBuildFile; fileRef = 33AFE8261AF6A98E00911D6E /* ringo.m4a */; };
		33C131DB1AF5D43300A2FA85 /* AnswerViewController.swift in Sources */ = {isa = PBXBuildFile; fileRef = 33C131DA1AF5D43300A2FA85 /* AnswerViewController.swift */; };
		33FBD0731AF4CF6600E2B1C9 /* SoundViewController.swift in Sources */ = {isa = PBXBuildFile; fileRef = 33FBD0721AF4CF6600E2B1C9 /* SoundViewController.swift */; };
		33FBD0751AF4DAAF00E2B1C9 /* QuestionViewController.swift in Sources */ = {isa = PBXBuildFile; fileRef = 33FBD0741AF4DAAF00E2B1C9 /* QuestionViewController.swift */; };
		722D06D21AF4893B006E518B /* AppDelegate.swift in Sources */ = {isa = PBXBuildFile; fileRef = 722D06D11AF4893B006E518B /* AppDelegate.swift */; };
		722D06D41AF4893B006E518B /* ViewController.swift in Sources */ = {isa = PBXBuildFile; fileRef = 722D06D31AF4893B006E518B /* ViewController.swift */; };
		722D06D71AF4893B006E518B /* Main.storyboard in Resources */ = {isa = PBXBuildFile; fileRef = 722D06D51AF4893B006E518B /* Main.storyboard */; };
		722D06D91AF4893B006E518B /* Images.xcassets in Resources */ = {isa = PBXBuildFile; fileRef = 722D06D81AF4893B006E518B /* Images.xcassets */; };
		722D06DC1AF4893B006E518B /* LaunchScreen.xib in Resources */ = {isa = PBXBuildFile; fileRef = 722D06DA1AF4893B006E518B /* LaunchScreen.xib */; };
		722D06E81AF4893B006E518B /* shotoku_taishiTests.swift in Sources */ = {isa = PBXBuildFile; fileRef = 722D06E71AF4893B006E518B /* shotoku_taishiTests.swift */; };
		72DE12851AF5DE0600A10067 /* SoundManager.swift in Sources */ = {isa = PBXBuildFile; fileRef = 72DE12841AF5DE0600A10067 /* SoundManager.swift */; };
		72DE128B1AF5EB7C00A10067 /* banana.m4a in Resources */ = {isa = PBXBuildFile; fileRef = 72DE12881AF5EA7300A10067 /* banana.m4a */; };
		72DE128C1AF5EB7C00A10067 /* ichigo.m4a in Resources */ = {isa = PBXBuildFile; fileRef = 72DE12891AF5EA7300A10067 /* ichigo.m4a */; };
		72DE128D1AF5EB7C00A10067 /* mango.m4a in Resources */ = {isa = PBXBuildFile; fileRef = 72DE128A1AF5EA7300A10067 /* mango.m4a */; };
/* End PBXBuildFile section */

/* Begin PBXContainerItemProxy section */
		722D06E21AF4893B006E518B /* PBXContainerItemProxy */ = {
			isa = PBXContainerItemProxy;
			containerPortal = 722D06C41AF4893A006E518B /* Project object */;
			proxyType = 1;
			remoteGlobalIDString = 722D06CB1AF4893B006E518B;
			remoteInfo = "shotoku-taishi";
		};
/* End PBXContainerItemProxy section */

/* Begin PBXFileReference section */
		332E39AE1AF62AEE00361ADF /* GameManager.swift */ = {isa = PBXFileReference; fileEncoding = 4; lastKnownFileType = sourcecode.swift; path = GameManager.swift; sourceTree = "<group>"; };
		33AFE8241AF6A98E00911D6E /* grape.m4a */ = {isa = PBXFileReference; lastKnownFileType = file; name = grape.m4a; path = Resources/grape.m4a; sourceTree = "<group>"; };
		33AFE8251AF6A98E00911D6E /* melon.m4a */ = {isa = PBXFileReference; lastKnownFileType = file; name = melon.m4a; path = Resources/melon.m4a; sourceTree = "<group>"; };
		33AFE8261AF6A98E00911D6E /* ringo.m4a */ = {isa = PBXFileReference; lastKnownFileType = file; name = ringo.m4a; path = Resources/ringo.m4a; sourceTree = "<group>"; };
		33C131DA1AF5D43300A2FA85 /* AnswerViewController.swift */ = {isa = PBXFileReference; fileEncoding = 4; lastKnownFileType = sourcecode.swift; path = AnswerViewController.swift; sourceTree = "<group>"; };
		33FBD0721AF4CF6600E2B1C9 /* SoundViewController.swift */ = {isa = PBXFileReference; fileEncoding = 4; lastKnownFileType = sourcecode.swift; path = SoundViewController.swift; sourceTree = "<group>"; };
		33FBD0741AF4DAAF00E2B1C9 /* QuestionViewController.swift */ = {isa = PBXFileReference; fileEncoding = 4; lastKnownFileType = sourcecode.swift; path = QuestionViewController.swift; sourceTree = "<group>"; };
		722D06CC1AF4893B006E518B /* shotoku-taishi.app */ = {isa = PBXFileReference; explicitFileType = wrapper.application; includeInIndex = 0; path = "shotoku-taishi.app"; sourceTree = BUILT_PRODUCTS_DIR; };
		722D06D01AF4893B006E518B /* Info.plist */ = {isa = PBXFileReference; lastKnownFileType = text.plist.xml; path = Info.plist; sourceTree = "<group>"; };
		722D06D11AF4893B006E518B /* AppDelegate.swift */ = {isa = PBXFileReference; lastKnownFileType = sourcecode.swift; path = AppDelegate.swift; sourceTree = "<group>"; };
		722D06D31AF4893B006E518B /* ViewController.swift */ = {isa = PBXFileReference; lastKnownFileType = sourcecode.swift; path = ViewController.swift; sourceTree = "<group>"; };
		722D06D61AF4893B006E518B /* Base */ = {isa = PBXFileReference; lastKnownFileType = file.storyboard; name = Base; path = Base.lproj/Main.storyboard; sourceTree = "<group>"; };
		722D06D81AF4893B006E518B /* Images.xcassets */ = {isa = PBXFileReference; lastKnownFileType = folder.assetcatalog; path = Images.xcassets; sourceTree = "<group>"; };
		722D06DB1AF4893B006E518B /* Base */ = {isa = PBXFileReference; lastKnownFileType = file.xib; name = Base; path = Base.lproj/LaunchScreen.xib; sourceTree = "<group>"; };
		722D06E11AF4893B006E518B /* shotoku-taishiTests.xctest */ = {isa = PBXFileReference; explicitFileType = wrapper.cfbundle; includeInIndex = 0; path = "shotoku-taishiTests.xctest"; sourceTree = BUILT_PRODUCTS_DIR; };
		722D06E61AF4893B006E518B /* Info.plist */ = {isa = PBXFileReference; lastKnownFileType = text.plist.xml; path = Info.plist; sourceTree = "<group>"; };
		722D06E71AF4893B006E518B /* shotoku_taishiTests.swift */ = {isa = PBXFileReference; lastKnownFileType = sourcecode.swift; path = shotoku_taishiTests.swift; sourceTree = "<group>"; };
		72DE12841AF5DE0600A10067 /* SoundManager.swift */ = {isa = PBXFileReference; fileEncoding = 4; lastKnownFileType = sourcecode.swift; path = SoundManager.swift; sourceTree = "<group>"; };
		72DE12881AF5EA7300A10067 /* banana.m4a */ = {isa = PBXFileReference; lastKnownFileType = file; name = banana.m4a; path = Resources/banana.m4a; sourceTree = "<group>"; };
		72DE12891AF5EA7300A10067 /* ichigo.m4a */ = {isa = PBXFileReference; lastKnownFileType = file; name = ichigo.m4a; path = Resources/ichigo.m4a; sourceTree = "<group>"; };
		72DE128A1AF5EA7300A10067 /* mango.m4a */ = {isa = PBXFileReference; lastKnownFileType = file; name = mango.m4a; path = Resources/mango.m4a; sourceTree = "<group>"; };
/* End PBXFileReference section */

/* Begin PBXFrameworksBuildPhase section */
		722D06C91AF4893B006E518B /* Frameworks */ = {
			isa = PBXFrameworksBuildPhase;
			buildActionMask = 2147483647;
			files = (
			);
			runOnlyForDeploymentPostprocessing = 0;
		};
		722D06DE1AF4893B006E518B /* Frameworks */ = {
			isa = PBXFrameworksBuildPhase;
			buildActionMask = 2147483647;
			files = (
			);
			runOnlyForDeploymentPostprocessing = 0;
		};
/* End PBXFrameworksBuildPhase section */

/* Begin PBXGroup section */
		722D06C31AF4893A006E518B = {
			isa = PBXGroup;
			children = (
				722D06CE1AF4893B006E518B /* shotoku-taishi */,
				722D06E41AF4893B006E518B /* shotoku-taishiTests */,
				722D06CD1AF4893B006E518B /* Products */,
			);
			sourceTree = "<group>";
		};
		722D06CD1AF4893B006E518B /* Products */ = {
			isa = PBXGroup;
			children = (
				722D06CC1AF4893B006E518B /* shotoku-taishi.app */,
				722D06E11AF4893B006E518B /* shotoku-taishiTests.xctest */,
			);
			name = Products;
			sourceTree = "<group>";
		};
		722D06CE1AF4893B006E518B /* shotoku-taishi */ = {
			isa = PBXGroup;
			children = (
				722D06D11AF4893B006E518B /* AppDelegate.swift */,
				722D06D31AF4893B006E518B /* ViewController.swift */,
				33FBD0721AF4CF6600E2B1C9 /* SoundViewController.swift */,
				33FBD0741AF4DAAF00E2B1C9 /* QuestionViewController.swift */,
				33C131DA1AF5D43300A2FA85 /* AnswerViewController.swift */,
				722D06D51AF4893B006E518B /* Main.storyboard */,
				722D06D81AF4893B006E518B /* Images.xcassets */,
				722D06DA1AF4893B006E518B /* LaunchScreen.xib */,
				72DE12861AF5DE3700A10067 /* Library */,
				722D06CF1AF4893B006E518B /* Supporting Files */,
			);
			path = "shotoku-taishi";
			sourceTree = "<group>";
		};
		722D06CF1AF4893B006E518B /* Supporting Files */ = {
			isa = PBXGroup;
			children = (
				72DE12871AF5EA3300A10067 /* Resources */,
				722D06D01AF4893B006E518B /* Info.plist */,
			);
			name = "Supporting Files";
			sourceTree = "<group>";
		};
		722D06E41AF4893B006E518B /* shotoku-taishiTests */ = {
			isa = PBXGroup;
			children = (
				722D06E71AF4893B006E518B /* shotoku_taishiTests.swift */,
				722D06E51AF4893B006E518B /* Supporting Files */,
			);
			path = "shotoku-taishiTests";
			sourceTree = "<group>";
		};
		722D06E51AF4893B006E518B /* Supporting Files */ = {
			isa = PBXGroup;
			children = (
				722D06E61AF4893B006E518B /* Info.plist */,
			);
			name = "Supporting Files";
			sourceTree = "<group>";
		};
		72DE12861AF5DE3700A10067 /* Library */ = {
			isa = PBXGroup;
			children = (
				72DE12841AF5DE0600A10067 /* SoundManager.swift */,
				332E39AE1AF62AEE00361ADF /* GameManager.swift */,
			);
			name = Library;
			sourceTree = "<group>";
		};
		72DE12871AF5EA3300A10067 /* Resources */ = {
			isa = PBXGroup;
			children = (
				33AFE8241AF6A98E00911D6E /* grape.m4a */,
				33AFE8251AF6A98E00911D6E /* melon.m4a */,
				33AFE8261AF6A98E00911D6E /* ringo.m4a */,
				72DE12881AF5EA7300A10067 /* banana.m4a */,
				72DE12891AF5EA7300A10067 /* ichigo.m4a */,
				72DE128A1AF5EA7300A10067 /* mango.m4a */,
			);
			name = Resources;
			sourceTree = "<group>";
		};
/* End PBXGroup section */

/* Begin PBXNativeTarget section */
		722D06CB1AF4893B006E518B /* shotoku-taishi */ = {
			isa = PBXNativeTarget;
			buildConfigurationList = 722D06EB1AF4893B006E518B /* Build configuration list for PBXNativeTarget "shotoku-taishi" */;
			buildPhases = (
				722D06C81AF4893B006E518B /* Sources */,
				722D06C91AF4893B006E518B /* Frameworks */,
				722D06CA1AF4893B006E518B /* Resources */,
			);
			buildRules = (
			);
			dependencies = (
			);
			name = "shotoku-taishi";
			productName = "shotoku-taishi";
			productReference = 722D06CC1AF4893B006E518B /* shotoku-taishi.app */;
			productType = "com.apple.product-type.application";
		};
		722D06E01AF4893B006E518B /* shotoku-taishiTests */ = {
			isa = PBXNativeTarget;
			buildConfigurationList = 722D06EE1AF4893B006E518B /* Build configuration list for PBXNativeTarget "shotoku-taishiTests" */;
			buildPhases = (
				722D06DD1AF4893B006E518B /* Sources */,
				722D06DE1AF4893B006E518B /* Frameworks */,
				722D06DF1AF4893B006E518B /* Resources */,
			);
			buildRules = (
			);
			dependencies = (
				722D06E31AF4893B006E518B /* PBXTargetDependency */,
			);
			name = "shotoku-taishiTests";
			productName = "shotoku-taishiTests";
			productReference = 722D06E11AF4893B006E518B /* shotoku-taishiTests.xctest */;
			productType = "com.apple.product-type.bundle.unit-test";
		};
/* End PBXNativeTarget section */

/* Begin PBXProject section */
		722D06C41AF4893A006E518B /* Project object */ = {
			isa = PBXProject;
			attributes = {
				LastUpgradeCheck = 0620;
				ORGANIZATIONNAME = "Hikaru Takemura";
				TargetAttributes = {
					722D06CB1AF4893B006E518B = {
						CreatedOnToolsVersion = 6.2;
					};
					722D06E01AF4893B006E518B = {
						CreatedOnToolsVersion = 6.2;
						TestTargetID = 722D06CB1AF4893B006E518B;
					};
				};
			};
			buildConfigurationList = 722D06C71AF4893B006E518B /* Build configuration list for PBXProject "shotoku-taishi" */;
			compatibilityVersion = "Xcode 3.2";
			developmentRegion = English;
			hasScannedForEncodings = 0;
			knownRegions = (
				en,
				Base,
			);
			mainGroup = 722D06C31AF4893A006E518B;
			productRefGroup = 722D06CD1AF4893B006E518B /* Products */;
			projectDirPath = "";
			projectRoot = "";
			targets = (
				722D06CB1AF4893B006E518B /* shotoku-taishi */,
				722D06E01AF4893B006E518B /* shotoku-taishiTests */,
			);
		};
/* End PBXProject section */

/* Begin PBXResourcesBuildPhase section */
		722D06CA1AF4893B006E518B /* Resources */ = {
			isa = PBXResourcesBuildPhase;
			buildActionMask = 2147483647;
			files = (
				72DE128B1AF5EB7C00A10067 /* banana.m4a in Resources */,
				72DE128C1AF5EB7C00A10067 /* ichigo.m4a in Resources */,
				72DE128D1AF5EB7C00A10067 /* mango.m4a in Resources */,
				33AFE8291AF6A98E00911D6E /* ringo.m4a in Resources */,
				722D06D71AF4893B006E518B /* Main.storyboard in Resources */,
				33AFE8281AF6A98E00911D6E /* melon.m4a in Resources */,
				33AFE8271AF6A98E00911D6E /* grape.m4a in Resources */,
				722D06DC1AF4893B006E518B /* LaunchScreen.xib in Resources */,
				722D06D91AF4893B006E518B /* Images.xcassets in Resources */,
			);
			runOnlyForDeploymentPostprocessing = 0;
		};
		722D06DF1AF4893B006E518B /* Resources */ = {
			isa = PBXResourcesBuildPhase;
			buildActionMask = 2147483647;
			files = (
			);
			runOnlyForDeploymentPostprocessing = 0;
		};
/* End PBXResourcesBuildPhase section */

/* Begin PBXSourcesBuildPhase section */
		722D06C81AF4893B006E518B /* Sources */ = {
			isa = PBXSourcesBuildPhase;
			buildActionMask = 2147483647;
			files = (
				722D06D41AF4893B006E518B /* ViewController.swift in Sources */,
				33FBD0731AF4CF6600E2B1C9 /* SoundViewController.swift in Sources */,
				33C131DB1AF5D43300A2FA85 /* AnswerViewController.swift in Sources */,
				332E39AF1AF62AEE00361ADF /* GameManager.swift in Sources */,
				33FBD0751AF4DAAF00E2B1C9 /* QuestionViewController.swift in Sources */,
				722D06D21AF4893B006E518B /* AppDelegate.swift in Sources */,
				72DE12851AF5DE0600A10067 /* SoundManager.swift in Sources */,
			);
			runOnlyForDeploymentPostprocessing = 0;
		};
		722D06DD1AF4893B006E518B /* Sources */ = {
			isa = PBXSourcesBuildPhase;
			buildActionMask = 2147483647;
			files = (
				722D06E81AF4893B006E518B /* shotoku_taishiTests.swift in Sources */,
			);
			runOnlyForDeploymentPostprocessing = 0;
		};
/* End PBXSourcesBuildPhase section */

/* Begin PBXTargetDependency section */
		722D06E31AF4893B006E518B /* PBXTargetDependency */ = {
			isa = PBXTargetDependency;
			target = 722D06CB1AF4893B006E518B /* shotoku-taishi */;
			targetProxy = 722D06E21AF4893B006E518B /* PBXContainerItemProxy */;
		};
/* End PBXTargetDependency section */

/* Begin PBXVariantGroup section */
		722D06D51AF4893B006E518B /* Main.storyboard */ = {
			isa = PBXVariantGroup;
			children = (
				722D06D61AF4893B006E518B /* Base */,
			);
			name = Main.storyboard;
			sourceTree = "<group>";
		};
		722D06DA1AF4893B006E518B /* LaunchScreen.xib */ = {
			isa = PBXVariantGroup;
			children = (
				722D06DB1AF4893B006E518B /* Base */,
			);
			name = LaunchScreen.xib;
			sourceTree = "<group>";
		};
/* End PBXVariantGroup section */

/* Begin XCBuildConfiguration section */
		722D06E91AF4893B006E518B /* Debug */ = {
			isa = XCBuildConfiguration;
			buildSettings = {
				ALWAYS_SEARCH_USER_PATHS = NO;
				CLANG_CXX_LANGUAGE_STANDARD = "gnu++0x";
				CLANG_CXX_LIBRARY = "libc++";
				CLANG_ENABLE_MODULES = YES;
				CLANG_ENABLE_OBJC_ARC = YES;
				CLANG_WARN_BOOL_CONVERSION = YES;
				CLANG_WARN_CONSTANT_CONVERSION = YES;
				CLANG_WARN_DIRECT_OBJC_ISA_USAGE = YES_ERROR;
				CLANG_WARN_EMPTY_BODY = YES;
				CLANG_WARN_ENUM_CONVERSION = YES;
				CLANG_WARN_INT_CONVERSION = YES;
				CLANG_WARN_OBJC_ROOT_CLASS = YES_ERROR;
				CLANG_WARN_UNREACHABLE_CODE = YES;
				CLANG_WARN__DUPLICATE_METHOD_MATCH = YES;
				"CODE_SIGN_IDENTITY[sdk=iphoneos*]" = "iPhone Developer";
				COPY_PHASE_STRIP = NO;
				ENABLE_STRICT_OBJC_MSGSEND = YES;
				GCC_C_LANGUAGE_STANDARD = gnu99;
				GCC_DYNAMIC_NO_PIC = NO;
				GCC_OPTIMIZATION_LEVEL = 0;
				GCC_PREPROCESSOR_DEFINITIONS = (
					"DEBUG=1",
					"$(inherited)",
				);
				GCC_SYMBOLS_PRIVATE_EXTERN = NO;
				GCC_WARN_64_TO_32_BIT_CONVERSION = YES;
				GCC_WARN_ABOUT_RETURN_TYPE = YES_ERROR;
				GCC_WARN_UNDECLARED_SELECTOR = YES;
				GCC_WARN_UNINITIALIZED_AUTOS = YES_AGGRESSIVE;
				GCC_WARN_UNUSED_FUNCTION = YES;
				GCC_WARN_UNUSED_VARIABLE = YES;
				IPHONEOS_DEPLOYMENT_TARGET = 8.2;
				MTL_ENABLE_DEBUG_INFO = YES;
				ONLY_ACTIVE_ARCH = YES;
				SDKROOT = iphoneos;
				SWIFT_OPTIMIZATION_LEVEL = "-Onone";
			};
			name = Debug;
		};
		722D06EA1AF4893B006E518B /* Release */ = {
			isa = XCBuildConfiguration;
			buildSettings = {
				ALWAYS_SEARCH_USER_PATHS = NO;
				CLANG_CXX_LANGUAGE_STANDARD = "gnu++0x";
				CLANG_CXX_LIBRARY = "libc++";
				CLANG_ENABLE_MODULES = YES;
				CLANG_ENABLE_OBJC_ARC = YES;
				CLANG_WARN_BOOL_CONVERSION = YES;
				CLANG_WARN_CONSTANT_CONVERSION = YES;
				CLANG_WARN_DIRECT_OBJC_ISA_USAGE = YES_ERROR;
				CLANG_WARN_EMPTY_BODY = YES;
				CLANG_WARN_ENUM_CONVERSION = YES;
				CLANG_WARN_INT_CONVERSION = YES;
				CLANG_WARN_OBJC_ROOT_CLASS = YES_ERROR;
				CLANG_WARN_UNREACHABLE_CODE = YES;
				CLANG_WARN__DUPLICATE_METHOD_MATCH = YES;
				"CODE_SIGN_IDENTITY[sdk=iphoneos*]" = "iPhone Developer";
				COPY_PHASE_STRIP = NO;
				ENABLE_NS_ASSERTIONS = NO;
				ENABLE_STRICT_OBJC_MSGSEND = YES;
				GCC_C_LANGUAGE_STANDARD = gnu99;
				GCC_WARN_64_TO_32_BIT_CONVERSION = YES;
				GCC_WARN_ABOUT_RETURN_TYPE = YES_ERROR;
				GCC_WARN_UNDECLARED_SELECTOR = YES;
				GCC_WARN_UNINITIALIZED_AUTOS = YES_AGGRESSIVE;
				GCC_WARN_UNUSED_FUNCTION = YES;
				GCC_WARN_UNUSED_VARIABLE = YES;
				IPHONEOS_DEPLOYMENT_TARGET = 8.2;
				MTL_ENABLE_DEBUG_INFO = NO;
				SDKROOT = iphoneos;
				VALIDATE_PRODUCT = YES;
			};
			name = Release;
		};
		722D06EC1AF4893B006E518B /* Debug */ = {
			isa = XCBuildConfiguration;
			buildSettings = {
				ASSETCATALOG_COMPILER_APPICON_NAME = AppIcon;
				INFOPLIST_FILE = "shotoku-taishi/Info.plist";
				LD_RUNPATH_SEARCH_PATHS = "$(inherited) @executable_path/Frameworks";
				PRODUCT_NAME = "$(TARGET_NAME)";
			};
			name = Debug;
		};
		722D06ED1AF4893B006E518B /* Release */ = {
			isa = XCBuildConfiguration;
			buildSettings = {
				ASSETCATALOG_COMPILER_APPICON_NAME = AppIcon;
				INFOPLIST_FILE = "shotoku-taishi/Info.plist";
				LD_RUNPATH_SEARCH_PATHS = "$(inherited) @executable_path/Frameworks";
				PRODUCT_NAME = "$(TARGET_NAME)";
			};
			name = Release;
		};
		722D06EF1AF4893B006E518B /* Debug */ = {
			isa = XCBuildConfiguration;
			buildSettings = {
				BUNDLE_LOADER = "$(TEST_HOST)";
				FRAMEWORK_SEARCH_PATHS = (
					"$(SDKROOT)/Developer/Library/Frameworks",
					"$(inherited)",
				);
				GCC_PREPROCESSOR_DEFINITIONS = (
					"DEBUG=1",
					"$(inherited)",
				);
				INFOPLIST_FILE = "shotoku-taishiTests/Info.plist";
				LD_RUNPATH_SEARCH_PATHS = "$(inherited) @executable_path/Frameworks @loader_path/Frameworks";
				PRODUCT_NAME = "$(TARGET_NAME)";
				TEST_HOST = "$(BUILT_PRODUCTS_DIR)/shotoku-taishi.app/shotoku-taishi";
			};
			name = Debug;
		};
		722D06F01AF4893B006E518B /* Release */ = {
			isa = XCBuildConfiguration;
			buildSettings = {
				BUNDLE_LOADER = "$(TEST_HOST)";
				FRAMEWORK_SEARCH_PATHS = (
					"$(SDKROOT)/Developer/Library/Frameworks",
					"$(inherited)",
				);
				INFOPLIST_FILE = "shotoku-taishiTests/Info.plist";
				LD_RUNPATH_SEARCH_PATHS = "$(inherited) @executable_path/Frameworks @loader_path/Frameworks";
				PRODUCT_NAME = "$(TARGET_NAME)";
				TEST_HOST = "$(BUILT_PRODUCTS_DIR)/shotoku-taishi.app/shotoku-taishi";
			};
			name = Release;
		};
/* End XCBuildConfiguration section */

/* Begin XCConfigurationList section */
		722D06C71AF4893B006E518B /* Build configuration list for PBXProject "shotoku-taishi" */ = {
			isa = XCConfigurationList;
			buildConfigurations = (
				722D06E91AF4893B006E518B /* Debug */,
				722D06EA1AF4893B006E518B /* Release */,
			);
			defaultConfigurationIsVisible = 0;
			defaultConfigurationName = Release;
		};
		722D06EB1AF4893B006E518B /* Build configuration list for PBXNativeTarget "shotoku-taishi" */ = {
			isa = XCConfigurationList;
			buildConfigurations = (
				722D06EC1AF4893B006E518B /* Debug */,
				722D06ED1AF4893B006E518B /* Release */,
			);
			defaultConfigurationIsVisible = 0;
			defaultConfigurationName = Release;
		};
		722D06EE1AF4893B006E518B /* Build configuration list for PBXNativeTarget "shotoku-taishiTests" */ = {
			isa = XCConfigurationList;
			buildConfigurations = (
				722D06EF1AF4893B006E518B /* Debug */,
				722D06F01AF4893B006E518B /* Release */,
			);
			defaultConfigurationIsVisible = 0;
			defaultConfigurationName = Release;
		};
/* End XCConfigurationList section */
	};
	rootObject = 722D06C41AF4893A006E518B /* Project object */;
}
